
Microsoft Visual Studio Solution File, Format Version 12.00
# Visual Studio Version 17
VisualStudioVersion = 17.6.33829.357
MinimumVisualStudioVersion = 10.0.40219.1
Project("{FAE04EC0-301F-11D3-BF4B-00C04F79EFBC}") = "app", "app\app.csproj", "{28DD00D6-B8C0-4E25-97BA-622F0A501CEC}"
EndProject
Global
	GlobalSection(SolutionConfigurationPlatforms) = preSolution
		Debug|Any CPU = Debug|Any CPU
		Release|Any CPU = Release|Any CPU
	EndGlobalSection
	GlobalSection(ProjectConfigurationPlatforms) = postSolution
		{28DD00D6-B8C0-4E25-97BA-622F0A501CEC}.Debug|Any CPU.ActiveCfg = Debug|Any CPU
		{28DD00D6-B8C0-4E25-97BA-622F0A501CEC}.Debug|Any CPU.Build.0 = Debug|Any CPU
		{28DD00D6-B8C0-4E25-97BA-622F0A501CEC}.Release|Any CPU.ActiveCfg = Release|Any CPU
		{28DD00D6-B8C0-4E25-97BA-622F0A501CEC}.Release|Any CPU.Build.0 = Release|Any CPU
	EndGlobalSection
	GlobalSection(SolutionProperties) = preSolution
		HideSolutionNode = FALSE
	EndGlobalSection
	GlobalSection(ExtensibilityGlobals) = postSolution
		SolutionGuid = {929D7D6B-7296-4E75-9C19-0271FF002C25}
	EndGlobalSection
EndGlobal
