
Microsoft Visual Studio Solution File, Format Version 12.00
# Visual Studio Version 17
VisualStudioVersion = 17.6.33829.357
MinimumVisualStudioVersion = 10.0.40219.1
Project("{FAE04EC0-301F-11D3-BF4B-00C04F79EFBC}") = "Ejercicio6", "Ejercicio6\Ejercicio6.csproj", "{3A579ED0-8626-4BB0-8BB6-53EAFFDAABF9}"
EndProject
Global
	GlobalSection(SolutionConfigurationPlatforms) = preSolution
		Debug|Any CPU = Debug|Any CPU
		Release|Any CPU = Release|Any CPU
	EndGlobalSection
	GlobalSection(ProjectConfigurationPlatforms) = postSolution
		{3A579ED0-8626-4BB0-8BB6-53EAFFDAABF9}.Debug|Any CPU.ActiveCfg = Debug|Any CPU
		{3A579ED0-8626-4BB0-8BB6-53EAFFDAABF9}.Debug|Any CPU.Build.0 = Debug|Any CPU
		{3A579ED0-8626-4BB0-8BB6-53EAFFDAABF9}.Release|Any CPU.ActiveCfg = Release|Any CPU
		{3A579ED0-8626-4BB0-8BB6-53EAFFDAABF9}.Release|Any CPU.Build.0 = Release|Any CPU
	EndGlobalSection
	GlobalSection(SolutionProperties) = preSolution
		HideSolutionNode = FALSE
	EndGlobalSection
	GlobalSection(ExtensibilityGlobals) = postSolution
		SolutionGuid = {4C0924EE-2B4A-4C39-B785-F70882C7E9C5}
	EndGlobalSection
EndGlobal
